
Microsoft Visual Studio Solution File, Format Version 12.00
Project("{2150E333-8FDC-42A3-9474-1A3956D46DE8}") = "shared", "shared", "{4F52FD11-658E-A102-6CD3-7D7C16FFA15B}"
EndProject
Project("{FAE04EC0-301F-11D3-BF4B-00C04F79EFBC}") = "Fuel.Events", "shared\Fuel.Events\Fuel.Events.csproj", "{AC9F72F3-C391-40CC-9C80-D3E5A53318BD}"
EndProject
Project("{2150E333-8FDC-42A3-9474-1A3956D46DE8}") = "src", "src", "{827E0CD3-B72D-47B6-A68D-7590B98EB39B}"
EndProject
Project("{2150E333-8FDC-42A3-9474-1A3956D46DE8}") = "Gateway", "Gateway", "{6306A8FB-679E-111F-6585-8F70E0EE6013}"
EndProject
Project("{FAE04EC0-301F-11D3-BF4B-00C04F79EFBC}") = "Fuel.Gateway", "src\Gateway\Fuel.Gateway\Fuel.Gateway.csproj", "{A90A2EBE-2D61-46B3-8B01-BFF73B246C3E}"
EndProject
Project("{2150E333-8FDC-42A3-9474-1A3956D46DE8}") = "Identity", "Identity", "{65ABFB5D-2B10-DF64-BF12-C17976F8E5D9}"
EndProject
Project("{FAE04EC0-301F-11D3-BF4B-00C04F79EFBC}") = "Fuel.Identity.Service", "src\Identity\Fuel.Identity.Service\Fuel.Identity.Service.csproj", "{35B80AA9-8ED4-40CA-B627-A0800DEEBD8C}"
EndProject
Project("{2150E333-8FDC-42A3-9474-1A3956D46DE8}") = "Orders", "Orders", "{45BE73D8-A922-BF65-E93E-EB66F4095ABC}"
EndProject
Project("{FAE04EC0-301F-11D3-BF4B-00C04F79EFBC}") = "Fuel.Orders.Service", "src\Orders\Fuel.Orders.Service\Fuel.Orders.Service.csproj", "{D61D18EC-52F4-4E05-8E48-B573F70B8E65}"
EndProject
Project("{2150E333-8FDC-42A3-9474-1A3956D46DE8}") = "Payments", "Payments", "{FF0E3929-CBDF-D101-A636-4697F11DEC78}"
EndProject
Project("{FAE04EC0-301F-11D3-BF4B-00C04F79EFBC}") = "Fuel.Payments.Service", "src\Payments\Fuel.Payments.Service\Fuel.Payments.Service.csproj", "{F9FEE828-5647-49AC-A40F-F9D211FDBAF8}"
EndProject
Project("{2150E333-8FDC-42A3-9474-1A3956D46DE8}") = "Reporting", "Reporting", "{BDB3C49B-C3C4-2D01-5C80-5982E11ACF2B}"
EndProject
Project("{FAE04EC0-301F-11D3-BF4B-00C04F79EFBC}") = "Fuel.Reporting.Service", "src\Reporting\Fuel.Reporting.Service\Fuel.Reporting.Service.csproj", "{6E96B42B-7250-4199-9B11-CE708EC6F4DE}"
EndProject
Project("{2150E333-8FDC-42A3-9474-1A3956D46DE8}") = "tests", "tests", "{0AB3BF05-4346-4AA6-1389-037BE0695223}"
EndProject
Project("{FAE04EC0-301F-11D3-BF4B-00C04F79EFBC}") = "Fuel.Identity.Tests", "tests\Fuel.Identity.Tests\Fuel.Identity.Tests.csproj", "{95EF7322-A48D-490A-AA6D-028B9271D608}"
EndProject
Project("{FAE04EC0-301F-11D3-BF4B-00C04F79EFBC}") = "Fuel.Orders.Tests", "tests\Fuel.Orders.Tests\Fuel.Orders.Tests.csproj", "{67C70ABA-5DFA-4D6C-87EA-0A7D290FDF60}"
EndProject
Project("{FAE04EC0-301F-11D3-BF4B-00C04F79EFBC}") = "Fuel.Payments.Tests", "tests\Fuel.Payments.Tests\Fuel.Payments.Tests.csproj", "{90939109-83F6-4CD2-9591-4FA0346C0013}"
EndProject
Project("{FAE04EC0-301F-11D3-BF4B-00C04F79EFBC}") = "Fuel.Reporting.Tests", "tests\Fuel.Reporting.Tests\Fuel.Reporting.Tests.csproj", "{CB66F487-BC74-4571-9249-70674454FE1A}"
EndProject
Global
	GlobalSection(SolutionConfigurationPlatforms) = preSolution
		Debug|Any CPU = Debug|Any CPU
		Debug|x64 = Debug|x64
		Debug|x86 = Debug|x86
		Release|Any CPU = Release|Any CPU
		Release|x64 = Release|x64
		Release|x86 = Release|x86
	EndGlobalSection
	GlobalSection(ProjectConfigurationPlatforms) = postSolution
		{AC9F72F3-C391-40CC-9C80-D3E5A53318BD}.Debug|Any CPU.ActiveCfg = Debug|Any CPU
		{AC9F72F3-C391-40CC-9C80-D3E5A53318BD}.Debug|Any CPU.Build.0 = Debug|Any CPU
		{AC9F72F3-C391-40CC-9C80-D3E5A53318BD}.Debug|x64.ActiveCfg = Debug|Any CPU
		{AC9F72F3-C391-40CC-9C80-D3E5A53318BD}.Debug|x64.Build.0 = Debug|Any CPU
		{AC9F72F3-C391-40CC-9C80-D3E5A53318BD}.Debug|x86.ActiveCfg = Debug|Any CPU
		{AC9F72F3-C391-40CC-9C80-D3E5A53318BD}.Debug|x86.Build.0 = Debug|Any CPU
		{AC9F72F3-C391-40CC-9C80-D3E5A53318BD}.Release|Any CPU.ActiveCfg = Release|Any CPU
		{AC9F72F3-C391-40CC-9C80-D3E5A53318BD}.Release|Any CPU.Build.0 = Release|Any CPU
		{AC9F72F3-C391-40CC-9C80-D3E5A53318BD}.Release|x64.ActiveCfg = Release|Any CPU
		{AC9F72F3-C391-40CC-9C80-D3E5A53318BD}.Release|x64.Build.0 = Release|Any CPU
		{AC9F72F3-C391-40CC-9C80-D3E5A53318BD}.Release|x86.ActiveCfg = Release|Any CPU
		{AC9F72F3-C391-40CC-9C80-D3E5A53318BD}.Release|x86.Build.0 = Release|Any CPU
		{A90A2EBE-2D61-46B3-8B01-BFF73B246C3E}.Debug|Any CPU.ActiveCfg = Debug|Any CPU
		{A90A2EBE-2D61-46B3-8B01-BFF73B246C3E}.Debug|Any CPU.Build.0 = Debug|Any CPU
		{A90A2EBE-2D61-46B3-8B01-BFF73B246C3E}.Debug|x64.ActiveCfg = Debug|Any CPU
		{A90A2EBE-2D61-46B3-8B01-BFF73B246C3E}.Debug|x64.Build.0 = Debug|Any CPU
		{A90A2EBE-2D61-46B3-8B01-BFF73B246C3E}.Debug|x86.ActiveCfg = Debug|Any CPU
		{A90A2EBE-2D61-46B3-8B01-BFF73B246C3E}.Debug|x86.Build.0 = Debug|Any CPU
		{A90A2EBE-2D61-46B3-8B01-BFF73B246C3E}.Release|Any CPU.ActiveCfg = Release|Any CPU
		{A90A2EBE-2D61-46B3-8B01-BFF73B246C3E}.Release|Any CPU.Build.0 = Release|Any CPU
		{A90A2EBE-2D61-46B3-8B01-BFF73B246C3E}.Release|x64.ActiveCfg = Release|Any CPU
		{A90A2EBE-2D61-46B3-8B01-BFF73B246C3E}.Release|x64.Build.0 = Release|Any CPU
		{A90A2EBE-2D61-46B3-8B01-BFF73B246C3E}.Release|x86.ActiveCfg = Release|Any CPU
		{A90A2EBE-2D61-46B3-8B01-BFF73B246C3E}.Release|x86.Build.0 = Release|Any CPU
		{35B80AA9-8ED4-40CA-B627-A0800DEEBD8C}.Debug|Any CPU.ActiveCfg = Debug|Any CPU
		{35B80AA9-8ED4-40CA-B627-A0800DEEBD8C}.Debug|Any CPU.Build.0 = Debug|Any CPU
		{35B80AA9-8ED4-40CA-B627-A0800DEEBD8C}.Debug|x64.ActiveCfg = Debug|Any CPU
		{35B80AA9-8ED4-40CA-B627-A0800DEEBD8C}.Debug|x64.Build.0 = Debug|Any CPU
		{35B80AA9-8ED4-40CA-B627-A0800DEEBD8C}.Debug|x86.ActiveCfg = Debug|Any CPU
		{35B80AA9-8ED4-40CA-B627-A0800DEEBD8C}.Debug|x86.Build.0 = Debug|Any CPU
		{35B80AA9-8ED4-40CA-B627-A0800DEEBD8C}.Release|Any CPU.ActiveCfg = Release|Any CPU
		{35B80AA9-8ED4-40CA-B627-A0800DEEBD8C}.Release|Any CPU.Build.0 = Release|Any CPU
		{35B80AA9-8ED4-40CA-B627-A0800DEEBD8C}.Release|x64.ActiveCfg = Release|Any CPU
		{35B80AA9-8ED4-40CA-B627-A0800DEEBD8C}.Release|x64.Build.0 = Release|Any CPU
		{35B80AA9-8ED4-40CA-B627-A0800DEEBD8C}.Release|x86.ActiveCfg = Release|Any CPU
		{35B80AA9-8ED4-40CA-B627-A0800DEEBD8C}.Release|x86.Build.0 = Release|Any CPU
		{D61D18EC-52F4-4E05-8E48-B573F70B8E65}.Debug|Any CPU.ActiveCfg = Debug|Any CPU
		{D61D18EC-52F4-4E05-8E48-B573F70B8E65}.Debug|Any CPU.Build.0 = Debug|Any CPU
		{D61D18EC-52F4-4E05-8E48-B573F70B8E65}.Debug|x64.ActiveCfg = Debug|Any CPU
		{D61D18EC-52F4-4E05-8E48-B573F70B8E65}.Debug|x64.Build.0 = Debug|Any CPU
		{D61D18EC-52F4-4E05-8E48-B573F70B8E65}.Debug|x86.ActiveCfg = Debug|Any CPU
		{D61D18EC-52F4-4E05-8E48-B573F70B8E65}.Debug|x86.Build.0 = Debug|Any CPU
		{D61D18EC-52F4-4E05-8E48-B573F70B8E65}.Release|Any CPU.ActiveCfg = Release|Any CPU
		{D61D18EC-52F4-4E05-8E48-B573F70B8E65}.Release|Any CPU.Build.0 = Release|Any CPU
		{D61D18EC-52F4-4E05-8E48-B573F70B8E65}.Release|x64.ActiveCfg = Release|Any CPU
		{D61D18EC-52F4-4E05-8E48-B573F70B8E65}.Release|x64.Build.0 = Release|Any CPU
		{D61D18EC-52F4-4E05-8E48-B573F70B8E65}.Release|x86.ActiveCfg = Release|Any CPU
		{D61D18EC-52F4-4E05-8E48-B573F70B8E65}.Release|x86.Build.0 = Release|Any CPU
		{F9FEE828-5647-49AC-A40F-F9D211FDBAF8}.Debug|Any CPU.ActiveCfg = Debug|Any CPU
		{F9FEE828-5647-49AC-A40F-F9D211FDBAF8}.Debug|Any CPU.Build.0 = Debug|Any CPU
		{F9FEE828-5647-49AC-A40F-F9D211FDBAF8}.Debug|x64.ActiveCfg = Debug|Any CPU
		{F9FEE828-5647-49AC-A40F-F9D211FDBAF8}.Debug|x64.Build.0 = Debug|Any CPU
		{F9FEE828-5647-49AC-A40F-F9D211FDBAF8}.Debug|x86.ActiveCfg = Debug|Any CPU
		{F9FEE828-5647-49AC-A40F-F9D211FDBAF8}.Debug|x86.Build.0 = Debug|Any CPU
		{F9FEE828-5647-49AC-A40F-F9D211FDBAF8}.Release|Any CPU.ActiveCfg = Release|Any CPU
		{F9FEE828-5647-49AC-A40F-F9D211FDBAF8}.Release|Any CPU.Build.0 = Release|Any CPU
		{F9FEE828-5647-49AC-A40F-F9D211FDBAF8}.Release|x64.ActiveCfg = Release|Any CPU
		{F9FEE828-5647-49AC-A40F-F9D211FDBAF8}.Release|x64.Build.0 = Release|Any CPU
		{F9FEE828-5647-49AC-A40F-F9D211FDBAF8}.Release|x86.ActiveCfg = Release|Any CPU
		{F9FEE828-5647-49AC-A40F-F9D211FDBAF8}.Release|x86.Build.0 = Release|Any CPU
		{6E96B42B-7250-4199-9B11-CE708EC6F4DE}.Debug|Any CPU.ActiveCfg = Debug|Any CPU
		{6E96B42B-7250-4199-9B11-CE708EC6F4DE}.Debug|Any CPU.Build.0 = Debug|Any CPU
		{6E96B42B-7250-4199-9B11-CE708EC6F4DE}.Debug|x64.ActiveCfg = Debug|Any CPU
		{6E96B42B-7250-4199-9B11-CE708EC6F4DE}.Debug|x64.Build.0 = Debug|Any CPU
		{6E96B42B-7250-4199-9B11-CE708EC6F4DE}.Debug|x86.ActiveCfg = Debug|Any CPU
		{6E96B42B-7250-4199-9B11-CE708EC6F4DE}.Debug|x86.Build.0 = Debug|Any CPU
		{6E96B42B-7250-4199-9B11-CE708EC6F4DE}.Release|Any CPU.ActiveCfg = Release|Any CPU
		{6E96B42B-7250-4199-9B11-CE708EC6F4DE}.Release|Any CPU.Build.0 = Release|Any CPU
		{6E96B42B-7250-4199-9B11-CE708EC6F4DE}.Release|x64.ActiveCfg = Release|Any CPU
		{6E96B42B-7250-4199-9B11-CE708EC6F4DE}.Release|x64.Build.0 = Release|Any CPU
		{6E96B42B-7250-4199-9B11-CE708EC6F4DE}.Release|x86.ActiveCfg = Release|Any CPU
		{6E96B42B-7250-4199-9B11-CE708EC6F4DE}.Release|x86.Build.0 = Release|Any CPU
		{95EF7322-A48D-490A-AA6D-028B9271D608}.Debug|Any CPU.ActiveCfg = Debug|Any CPU
		{95EF7322-A48D-490A-AA6D-028B9271D608}.Debug|Any CPU.Build.0 = Debug|Any CPU
		{95EF7322-A48D-490A-AA6D-028B9271D608}.Debug|x64.ActiveCfg = Debug|Any CPU
		{95EF7322-A48D-490A-AA6D-028B9271D608}.Debug|x64.Build.0 = Debug|Any CPU
		{95EF7322-A48D-490A-AA6D-028B9271D608}.Debug|x86.ActiveCfg = Debug|Any CPU
		{95EF7322-A48D-490A-AA6D-028B9271D608}.Debug|x86.Build.0 = Debug|Any CPU
		{95EF7322-A48D-490A-AA6D-028B9271D608}.Release|Any CPU.ActiveCfg = Release|Any CPU
		{95EF7322-A48D-490A-AA6D-028B9271D608}.Release|Any CPU.Build.0 = Release|Any CPU
		{95EF7322-A48D-490A-AA6D-028B9271D608}.Release|x64.ActiveCfg = Release|Any CPU
		{95EF7322-A48D-490A-AA6D-028B9271D608}.Release|x64.Build.0 = Release|Any CPU
		{95EF7322-A48D-490A-AA6D-028B9271D608}.Release|x86.ActiveCfg = Release|Any CPU
		{95EF7322-A48D-490A-AA6D-028B9271D608}.Release|x86.Build.0 = Release|Any CPU
		{67C70ABA-5DFA-4D6C-87EA-0A7D290FDF60}.Debug|Any CPU.ActiveCfg = Debug|Any CPU
		{67C70ABA-5DFA-4D6C-87EA-0A7D290FDF60}.Debug|Any CPU.Build.0 = Debug|Any CPU
		{67C70ABA-5DFA-4D6C-87EA-0A7D290FDF60}.Debug|x64.ActiveCfg = Debug|Any CPU
		{67C70ABA-5DFA-4D6C-87EA-0A7D290FDF60}.Debug|x64.Build.0 = Debug|Any CPU
		{67C70ABA-5DFA-4D6C-87EA-0A7D290FDF60}.Debug|x86.ActiveCfg = Debug|Any CPU
		{67C70ABA-5DFA-4D6C-87EA-0A7D290FDF60}.Debug|x86.Build.0 = Debug|Any CPU
		{67C70ABA-5DFA-4D6C-87EA-0A7D290FDF60}.Release|Any CPU.ActiveCfg = Release|Any CPU
		{67C70ABA-5DFA-4D6C-87EA-0A7D290FDF60}.Release|Any CPU.Build.0 = Release|Any CPU
		{67C70ABA-5DFA-4D6C-87EA-0A7D290FDF60}.Release|x64.ActiveCfg = Release|Any CPU
		{67C70ABA-5DFA-4D6C-87EA-0A7D290FDF60}.Release|x64.Build.0 = Release|Any CPU
		{67C70ABA-5DFA-4D6C-87EA-0A7D290FDF60}.Release|x86.ActiveCfg = Release|Any CPU
		{67C70ABA-5DFA-4D6C-87EA-0A7D290FDF60}.Release|x86.Build.0 = Release|Any CPU
		{90939109-83F6-4CD2-9591-4FA0346C0013}.Debug|Any CPU.ActiveCfg = Debug|Any CPU
		{90939109-83F6-4CD2-9591-4FA0346C0013}.Debug|Any CPU.Build.0 = Debug|Any CPU
		{90939109-83F6-4CD2-9591-4FA0346C0013}.Debug|x64.ActiveCfg = Debug|Any CPU
		{90939109-83F6-4CD2-9591-4FA0346C0013}.Debug|x64.Build.0 = Debug|Any CPU
		{90939109-83F6-4CD2-9591-4FA0346C0013}.Debug|x86.ActiveCfg = Debug|Any CPU
		{90939109-83F6-4CD2-9591-4FA0346C0013}.Debug|x86.Build.0 = Debug|Any CPU
		{90939109-83F6-4CD2-9591-4FA0346C0013}.Release|Any CPU.ActiveCfg = Release|Any CPU
		{90939109-83F6-4CD2-9591-4FA0346C0013}.Release|Any CPU.Build.0 = Release|Any CPU
		{90939109-83F6-4CD2-9591-4FA0346C0013}.Release|x64.ActiveCfg = Release|Any CPU
		{90939109-83F6-4CD2-9591-4FA0346C0013}.Release|x64.Build.0 = Release|Any CPU
		{90939109-83F6-4CD2-9591-4FA0346C0013}.Release|x86.ActiveCfg = Release|Any CPU
		{90939109-83F6-4CD2-9591-4FA0346C0013}.Release|x86.Build.0 = Release|Any CPU
		{CB66F487-BC74-4571-9249-70674454FE1A}.Debug|Any CPU.ActiveCfg = Debug|Any CPU
		{CB66F487-BC74-4571-9249-70674454FE1A}.Debug|Any CPU.Build.0 = Debug|Any CPU
		{CB66F487-BC74-4571-9249-70674454FE1A}.Debug|x64.ActiveCfg = Debug|Any CPU
		{CB66F487-BC74-4571-9249-70674454FE1A}.Debug|x64.Build.0 = Debug|Any CPU
		{CB66F487-BC74-4571-9249-70674454FE1A}.Debug|x86.ActiveCfg = Debug|Any CPU
		{CB66F487-BC74-4571-9249-70674454FE1A}.Debug|x86.Build.0 = Debug|Any CPU
		{CB66F487-BC74-4571-9249-70674454FE1A}.Release|Any CPU.ActiveCfg = Release|Any CPU
		{CB66F487-BC74-4571-9249-70674454FE1A}.Release|Any CPU.Build.0 = Release|Any CPU
		{CB66F487-BC74-4571-9249-70674454FE1A}.Release|x64.ActiveCfg = Release|Any CPU
		{CB66F487-BC74-4571-9249-70674454FE1A}.Release|x64.Build.0 = Release|Any CPU
		{CB66F487-BC74-4571-9249-70674454FE1A}.Release|x86.ActiveCfg = Release|Any CPU
		{CB66F487-BC74-4571-9249-70674454FE1A}.Release|x86.Build.0 = Release|Any CPU
	EndGlobalSection
	GlobalSection(SolutionProperties) = preSolution
		HideSolutionNode = FALSE
	EndGlobalSection
	GlobalSection(NestedProjects) = preSolution
		{AC9F72F3-C391-40CC-9C80-D3E5A53318BD} = {4F52FD11-658E-A102-6CD3-7D7C16FFA15B}
		{6306A8FB-679E-111F-6585-8F70E0EE6013} = {827E0CD3-B72D-47B6-A68D-7590B98EB39B}
		{A90A2EBE-2D61-46B3-8B01-BFF73B246C3E} = {6306A8FB-679E-111F-6585-8F70E0EE6013}
		{65ABFB5D-2B10-DF64-BF12-C17976F8E5D9} = {827E0CD3-B72D-47B6-A68D-7590B98EB39B}
		{35B80AA9-8ED4-40CA-B627-A0800DEEBD8C} = {65ABFB5D-2B10-DF64-BF12-C17976F8E5D9}
		{45BE73D8-A922-BF65-E93E-EB66F4095ABC} = {827E0CD3-B72D-47B6-A68D-7590B98EB39B}
		{D61D18EC-52F4-4E05-8E48-B573F70B8E65} = {45BE73D8-A922-BF65-E93E-EB66F4095ABC}
		{FF0E3929-CBDF-D101-A636-4697F11DEC78} = {827E0CD3-B72D-47B6-A68D-7590B98EB39B}
		{F9FEE828-5647-49AC-A40F-F9D211FDBAF8} = {FF0E3929-CBDF-D101-A636-4697F11DEC78}
		{BDB3C49B-C3C4-2D01-5C80-5982E11ACF2B} = {827E0CD3-B72D-47B6-A68D-7590B98EB39B}
		{6E96B42B-7250-4199-9B11-CE708EC6F4DE} = {BDB3C49B-C3C4-2D01-5C80-5982E11ACF2B}
		{95EF7322-A48D-490A-AA6D-028B9271D608} = {0AB3BF05-4346-4AA6-1389-037BE0695223}
		{67C70ABA-5DFA-4D6C-87EA-0A7D290FDF60} = {0AB3BF05-4346-4AA6-1389-037BE0695223}
		{90939109-83F6-4CD2-9591-4FA0346C0013} = {0AB3BF05-4346-4AA6-1389-037BE0695223}
		{CB66F487-BC74-4571-9249-70674454FE1A} = {0AB3BF05-4346-4AA6-1389-037BE0695223}
	EndGlobalSection
EndGlobal
